PODS:
  - Alamofire (5.4.0)
  - APIService/Auth (1.0.5):
    - HacomaExtensions (= 1.0.2)
    - HacomaNetwork (= 1.0.4)
  - Dependencies/AlbumList (1.0.2)
  - Dependencies/Login (1.0.2)
  - HacomaDIContainer (1.0.4)
  - HacomaExtensions (1.0.2)
  - HacomaNetwork (1.0.4):
    - Moya (= 14.0.0)
  - HacomaUI/InsetTextField (1.0.2)
  - LoginScene (1.0.8):
    - APIService/Auth (= 1.0.5)
    - Dependencies/AlbumList (= 1.0.2)
    - Dependencies/Login (= 1.0.2)
    - HacomaDIContainer (= 1.0.4)
    - HacomaExtensions (= 1.0.2)
    - HacomaUI/InsetTextField (= 1.0.2)
  - Moya (14.0.0):
    - Moya/Core (= 14.0.0)
  - Moya/Core (14.0.0):
    - Alamofire (~> 5.0)

DEPENDENCIES:
  - LoginScene (= 1.0.8)

SPEC REPOS:
  https://github.com/CocoaPods/Specs.git:
    - Alamofire
    - Moya
  https://github.com/hacoma/iOS-Hacoma-Module-CocoaPods-Specs.git:
    - HacomaDIContainer
    - HacomaExtensions
    - HacomaNetwork
    - HacomaUI
  https://github.com/hacoma/Synstagram-Module-CocoaPods-Specs.git:
    - APIService
    - Dependencies
  https://github.com/hacoma/Synstagram-Scene-CocoaPods-Specs.git:
    - LoginScene

SPEC CHECKSUMS:
  Alamofire: 3b6a534a3df22db367e4dedeeca73d1ddfcf0e2f
  APIService: 115f9ac1ba41c63be2d76acaa6c3433867701b49
  Dependencies: 933a950d5cebc8f4005a243bcf900e9221060831
  HacomaDIContainer: d483286cb6ff116e5aaa750c9f6378c27247be10
  HacomaExtensions: 8949a6585d781d4e59a751d04a625b4036864c4d
  HacomaNetwork: 8d748e826fba5ff43e212445ef0174ee29d27c18
  HacomaUI: d67f1216b581a6ace8a1ce1e69785fed2511ea6f
  LoginScene: 7da15eea0eb0672f35766f1482035f5f7f54d28f
  Moya: 5b45dacb75adb009f97fde91c204c1e565d31916

PODFILE CHECKSUM: 2558921c7beeb8cfb5196449a8846c9fca6ecc18

COCOAPODS: 1.10.0
